PODS:
  - ReactiveDataSource (0.1.0)

DEPENDENCIES:
  - ReactiveDataSource (from `../`)

EXTERNAL SOURCES:
  ReactiveDataSource:
    :path: "../"

SPEC CHECKSUMS:
  ReactiveDataSource: 29629ea8e7a5191d0feaf0118dc06062e373dc61

PODFILE CHECKSUM: 739c5d1e6288c0167c587c2fbd8d87793becfd6c

COCOAPODS: 1.1.1
